{
  "requires": true,
  "lockfileVersion": 1,
  "dependencies": {
    "fecha": {
      "version": "4.2.1",
      "resolved": "https://registry.npmjs.org/fecha/-/fecha-4.2.1.tgz",
      "integrity": "sha512-MMMQ0ludy/nBs1/o0zVOiKTpG7qMbonKUzjJgQFEuvq6INZ1OraKPRAWkBq5vlKLOUMpmNYG1JoN3oDPUQ9m3Q=="
    },
    "hotel-datepicker": {
      "version": "4.0.2",
      "resolved": "https://registry.npmjs.org/hotel-datepicker/-/hotel-datepicker-4.0.2.tgz",
      "integrity": "sha512-GHddsysGKG+wXNBsnyre71hVQho5p1ytIdsD4aIIfqcFwcsVYRKwTjbaSauA7Hg887j6C5NGQgalgqUXaTo7Lg==",
      "requires": {
        "fecha": "^4.2.0"
      }
    }
  }
}
